
Microsoft Visual Studio Solution File, Format Version 12.00
# Visual Studio Version 16
VisualStudioVersion = 16.0.30204.135
MinimumVisualStudioVersion = 10.0.40219.1
Project("{9A19103F-16F7-4668-BE54-9A1E7A4F7556}") = "BankManagement", "BankManagement.csproj", "{A28CF5F7-6F54-44DC-9ABE-CF50A0AA55BE}"
EndProject
Project("{9A19103F-16F7-4668-BE54-9A1E7A4F7556}") = "BankManagementMVC", "..\BankManagementMVC\BankManagementMVC.csproj", "{6A1F943D-6202-4EC4-9150-D136AB489AB2}"
EndProject
Project("{FAE04EC0-301F-11D3-BF4B-00C04F79EFBC}") = "NUnitTestBankManagement", "..\NUnitTestBankManagement\NUnitTestBankManagement.csproj", "{CAF24E0D-73ED-4181-AF25-08D9AFB8607F}"
EndProject
Global
	GlobalSection(SolutionConfigurationPlatforms) = preSolution
		Debug|Any CPU = Debug|Any CPU
		Release|Any CPU = Release|Any CPU
	EndGlobalSection
	GlobalSection(ProjectConfigurationPlatforms) = postSolution
		{A28CF5F7-6F54-44DC-9ABE-CF50A0AA55BE}.Debug|Any CPU.ActiveCfg = Debug|Any CPU
		{A28CF5F7-6F54-44DC-9ABE-CF50A0AA55BE}.Debug|Any CPU.Build.0 = Debug|Any CPU
		{A28CF5F7-6F54-44DC-9ABE-CF50A0AA55BE}.Release|Any CPU.ActiveCfg = Release|Any CPU
		{A28CF5F7-6F54-44DC-9ABE-CF50A0AA55BE}.Release|Any CPU.Build.0 = Release|Any CPU
		{6A1F943D-6202-4EC4-9150-D136AB489AB2}.Debug|Any CPU.ActiveCfg = Debug|Any CPU
		{6A1F943D-6202-4EC4-9150-D136AB489AB2}.Debug|Any CPU.Build.0 = Debug|Any CPU
		{6A1F943D-6202-4EC4-9150-D136AB489AB2}.Release|Any CPU.ActiveCfg = Release|Any CPU
		{6A1F943D-6202-4EC4-9150-D136AB489AB2}.Release|Any CPU.Build.0 = Release|Any CPU
		{CAF24E0D-73ED-4181-AF25-08D9AFB8607F}.Debug|Any CPU.ActiveCfg = Debug|Any CPU
		{CAF24E0D-73ED-4181-AF25-08D9AFB8607F}.Debug|Any CPU.Build.0 = Debug|Any CPU
		{CAF24E0D-73ED-4181-AF25-08D9AFB8607F}.Release|Any CPU.ActiveCfg = Release|Any CPU
		{CAF24E0D-73ED-4181-AF25-08D9AFB8607F}.Release|Any CPU.Build.0 = Release|Any CPU
	EndGlobalSection
	GlobalSection(SolutionProperties) = preSolution
		HideSolutionNode = FALSE
	EndGlobalSection
	GlobalSection(ExtensibilityGlobals) = postSolution
		SolutionGuid = {D39A10EE-3229-4D25-AD8D-2DB226C1364A}
	EndGlobalSection
EndGlobal
